// !$*UTF8*$!
{
	archiveVersion = 1;
	classes = {
	};
	objectVersion = 51;
	objects = {

/* Begin PBXBuildFile section */
		6F4FDB4025D286EE0046B6D5 /* RegisterViewController.swift in Sources */ = {isa = PBXBuildFile; fileRef = 6F4FDB3F25D286EE0046B6D5 /* RegisterViewController.swift */; };
		6F4FDB4525D2870B0046B6D5 /* LoginViewController.swift in Sources */ = {isa = PBXBuildFile; fileRef = 6F4FDB4425D2870B0046B6D5 /* LoginViewController.swift */; };
		6F4FDB4D25D291620046B6D5 /* MessageViewController.swift in Sources */ = {isa = PBXBuildFile; fileRef = 6F4FDB4C25D291620046B6D5 /* MessageViewController.swift */; };
		6FE1C1DE25D53D28006D8041 /* MessageModel.swift in Sources */ = {isa = PBXBuildFile; fileRef = 6FE1C1DD25D53D28006D8041 /* MessageModel.swift */; };
		6FE1C1E425D54F52006D8041 /* MessageCellTableViewCell.swift in Sources */ = {isa = PBXBuildFile; fileRef = 6FE1C1E225D54F52006D8041 /* MessageCellTableViewCell.swift */; };
		6FE1C1E525D54F52006D8041 /* MessageCellTableViewCell.xib in Resources */ = {isa = PBXBuildFile; fileRef = 6FE1C1E325D54F52006D8041 /* MessageCellTableViewCell.xib */; };
		6FF8E55325CD84EA00C38B50 /* AppDelegate.swift in Sources */ = {isa = PBXBuildFile; fileRef = 6FF8E55225CD84EA00C38B50 /* AppDelegate.swift */; };
		6FF8E55525CD84EA00C38B50 /* SceneDelegate.swift in Sources */ = {isa = PBXBuildFile; fileRef = 6FF8E55425CD84EA00C38B50 /* SceneDelegate.swift */; };
		6FF8E55725CD84EA00C38B50 /* OpenScreenViewController.swift in Sources */ = {isa = PBXBuildFile; fileRef = 6FF8E55625CD84EA00C38B50 /* OpenScreenViewController.swift */; };
		6FF8E55A25CD84EA00C38B50 /* Main.storyboard in Resources */ = {isa = PBXBuildFile; fileRef = 6FF8E55825CD84EA00C38B50 /* Main.storyboard */; };
		6FF8E55C25CD84ED00C38B50 /* Assets.xcassets in Resources */ = {isa = PBXBuildFile; fileRef = 6FF8E55B25CD84ED00C38B50 /* Assets.xcassets */; };
		6FF8E55F25CD84ED00C38B50 /* LaunchScreen.storyboard in Resources */ = {isa = PBXBuildFile; fileRef = 6FF8E55D25CD84ED00C38B50 /* LaunchScreen.storyboard */; };
		6FF8E56A25CD84EE00C38B50 /* MessageAppTests.swift in Sources */ = {isa = PBXBuildFile; fileRef = 6FF8E56925CD84EE00C38B50 /* MessageAppTests.swift */; };
		6FF8E57525CD84EE00C38B50 /* MessageAppUITests.swift in Sources */ = {isa = PBXBuildFile; fileRef = 6FF8E57425CD84EE00C38B50 /* MessageAppUITests.swift */; };
		6FF8E59025CDB59900C38B50 /* GoogleService-Info.plist in Resources */ = {isa = PBXBuildFile; fileRef = 6FF8E58F25CDB59900C38B50 /* GoogleService-Info.plist */; };
		D8B2EE660DFC76FF0B37D958 /* Pods_MessageApp.framework in Frameworks */ = {isa = PBXBuildFile; fileRef = 13C0E11099393861BD9D860C /* Pods_MessageApp.framework */; };
/* End PBXBuildFile section */

/* Begin PBXContainerItemProxy section */
		6FF8E56625CD84EE00C38B50 /* PBXContainerItemProxy */ = {
			isa = PBXContainerItemProxy;
			containerPortal = 6FF8E54725CD84E900C38B50 /* Project object */;
			proxyType = 1;
			remoteGlobalIDString = 6FF8E54E25CD84E900C38B50;
			remoteInfo = MessageApp;
		};
		6FF8E57125CD84EE00C38B50 /* PBXContainerItemProxy */ = {
			isa = PBXContainerItemProxy;
			containerPortal = 6FF8E54725CD84E900C38B50 /* Project object */;
			proxyType = 1;
			remoteGlobalIDString = 6FF8E54E25CD84E900C38B50;
			remoteInfo = MessageApp;
		};
/* End PBXContainerItemProxy section */

/* Begin PBXFileReference section */
		13C0E11099393861BD9D860C /* Pods_MessageApp.framework */ = {isa = PBXFileReference; explicitFileType = wrapper.framework; includeInIndex = 0; path = Pods_MessageApp.framework; sourceTree = BUILT_PRODUCTS_DIR; };
		6F4FDB3F25D286EE0046B6D5 /* RegisterViewController.swift */ = {isa = PBXFileReference; lastKnownFileType = sourcecode.swift; path = RegisterViewController.swift; sourceTree = "<group>"; };
		6F4FDB4425D2870B0046B6D5 /* LoginViewController.swift */ = {isa = PBXFileReference; lastKnownFileType = sourcecode.swift; path = LoginViewController.swift; sourceTree = "<group>"; };
		6F4FDB4C25D291620046B6D5 /* MessageViewController.swift */ = {isa = PBXFileReference; lastKnownFileType = sourcecode.swift; path = MessageViewController.swift; sourceTree = "<group>"; };
		6FE1C1DD25D53D28006D8041 /* MessageModel.swift */ = {isa = PBXFileReference; lastKnownFileType = sourcecode.swift; path = MessageModel.swift; sourceTree = "<group>"; };
		6FE1C1E225D54F52006D8041 /* MessageCellTableViewCell.swift */ = {isa = PBXFileReference; lastKnownFileType = sourcecode.swift; path = MessageCellTableViewCell.swift; sourceTree = "<group>"; };
		6FE1C1E325D54F52006D8041 /* MessageCellTableViewCell.xib */ = {isa = PBXFileReference; lastKnownFileType = file.xib; path = MessageCellTableViewCell.xib; sourceTree = "<group>"; };
		6FF8E54F25CD84EA00C38B50 /* MessageApp.app */ = {isa = PBXFileReference; explicitFileType = wrapper.application; includeInIndex = 0; path = MessageApp.app; sourceTree = BUILT_PRODUCTS_DIR; };
		6FF8E55225CD84EA00C38B50 /* AppDelegate.swift */ = {isa = PBXFileReference; lastKnownFileType = sourcecode.swift; path = AppDelegate.swift; sourceTree = "<group>"; };
		6FF8E55425CD84EA00C38B50 /* SceneDelegate.swift */ = {isa = PBXFileReference; lastKnownFileType = sourcecode.swift; path = SceneDelegate.swift; sourceTree = "<group>"; };
		6FF8E55625CD84EA00C38B50 /* OpenScreenViewController.swift */ = {isa = PBXFileReference; lastKnownFileType = sourcecode.swift; path = OpenScreenViewController.swift; sourceTree = "<group>"; };
		6FF8E55925CD84EA00C38B50 /* Base */ = {isa = PBXFileReference; lastKnownFileType = file.storyboard; name = Base; path = Base.lproj/Main.storyboard; sourceTree = "<group>"; };
		6FF8E55B25CD84ED00C38B50 /* Assets.xcassets */ = {isa = PBXFileReference; lastKnownFileType = folder.assetcatalog; path = Assets.xcassets; sourceTree = "<group>"; };
		6FF8E55E25CD84ED00C38B50 /* Base */ = {isa = PBXFileReference; lastKnownFileType = file.storyboard; name = Base; path = Base.lproj/LaunchScreen.storyboard; sourceTree = "<group>"; };
		6FF8E56025CD84ED00C38B50 /* Info.plist */ = {isa = PBXFileReference; lastKnownFileType = text.plist.xml; path = Info.plist; sourceTree = "<group>"; };
		6FF8E56525CD84EE00C38B50 /* MessageAppTests.xctest */ = {isa = PBXFileReference; explicitFileType = wrapper.cfbundle; includeInIndex = 0; path = MessageAppTests.xctest; sourceTree = BUILT_PRODUCTS_DIR; };
		6FF8E56925CD84EE00C38B50 /* MessageAppTests.swift */ = {isa = PBXFileReference; lastKnownFileType = sourcecode.swift; path = MessageAppTests.swift; sourceTree = "<group>"; };
		6FF8E56B25CD84EE00C38B50 /* Info.plist */ = {isa = PBXFileReference; lastKnownFileType = text.plist.xml; path = Info.plist; sourceTree = "<group>"; };
		6FF8E57025CD84EE00C38B50 /* MessageAppUITests.xctest */ = {isa = PBXFileReference; explicitFileType = wrapper.cfbundle; includeInIndex = 0; path = MessageAppUITests.xctest; sourceTree = BUILT_PRODUCTS_DIR; };
		6FF8E57425CD84EE00C38B50 /* MessageAppUITests.swift */ = {isa = PBXFileReference; lastKnownFileType = sourcecode.swift; path = MessageAppUITests.swift; sourceTree = "<group>"; };
		6FF8E57625CD84EE00C38B50 /* Info.plist */ = {isa = PBXFileReference; lastKnownFileType = text.plist.xml; path = Info.plist; sourceTree = "<group>"; };
		6FF8E58F25CDB59900C38B50 /* GoogleService-Info.plist */ = {isa = PBXFileReference; fileEncoding = 4; lastKnownFileType = text.plist.xml; path = "GoogleService-Info.plist"; sourceTree = "<group>"; };
		852B96998869DF962C2EA8A9 /* Pods-MessageApp.release.xcconfig */ = {isa = PBXFileReference; includeInIndex = 1; lastKnownFileType = text.xcconfig; name = "Pods-MessageApp.release.xcconfig"; path = "Target Support Files/Pods-MessageApp/Pods-MessageApp.release.xcconfig"; sourceTree = "<group>"; };
		BC5102A79BEEFD2EDB464201 /* Pods-MessageApp.debug.xcconfig */ = {isa = PBXFileReference; includeInIndex = 1; lastKnownFileType = text.xcconfig; name = "Pods-MessageApp.debug.xcconfig"; path = "Target Support Files/Pods-MessageApp/Pods-MessageApp.debug.xcconfig"; sourceTree = "<group>"; };
/* End PBXFileReference section */

/* Begin PBXFrameworksBuildPhase section */
		6FF8E54C25CD84E900C38B50 /* Frameworks */ = {
			isa = PBXFrameworksBuildPhase;
			buildActionMask = 2147483647;
			files = (
				D8B2EE660DFC76FF0B37D958 /* Pods_MessageApp.framework in Frameworks */,
			);
			runOnlyForDeploymentPostprocessing = 0;
		};
		6FF8E56225CD84EE00C38B50 /* Frameworks */ = {
			isa = PBXFrameworksBuildPhase;
			buildActionMask = 2147483647;
			files = (
			);
			runOnlyForDeploymentPostprocessing = 0;
		};
		6FF8E56D25CD84EE00C38B50 /* Frameworks */ = {
			isa = PBXFrameworksBuildPhase;
			buildActionMask = 2147483647;
			files = (
			);
			runOnlyForDeploymentPostprocessing = 0;
		};
/* End PBXFrameworksBuildPhase section */

/* Begin PBXGroup section */
		682C011EDE34A9EE1E880483 /* Pods */ = {
			isa = PBXGroup;
			children = (
				BC5102A79BEEFD2EDB464201 /* Pods-MessageApp.debug.xcconfig */,
				852B96998869DF962C2EA8A9 /* Pods-MessageApp.release.xcconfig */,
			);
			path = Pods;
			sourceTree = "<group>";
		};
		6F4FDB3C25D286520046B6D5 /* Models */ = {
			isa = PBXGroup;
			children = (
				6FE1C1DD25D53D28006D8041 /* MessageModel.swift */,
			);
			path = Models;
			sourceTree = "<group>";
		};
		6F4FDB3D25D2865C0046B6D5 /* Views */ = {
			isa = PBXGroup;
			children = (
				6FF8E55825CD84EA00C38B50 /* Main.storyboard */,
				6FE1C1E225D54F52006D8041 /* MessageCellTableViewCell.swift */,
				6FE1C1E325D54F52006D8041 /* MessageCellTableViewCell.xib */,
			);
			path = Views;
			sourceTree = "<group>";
		};
		6F4FDB3E25D286660046B6D5 /* Controllers */ = {
			isa = PBXGroup;
			children = (
				6FF8E55625CD84EA00C38B50 /* OpenScreenViewController.swift */,
				6F4FDB3F25D286EE0046B6D5 /* RegisterViewController.swift */,
				6F4FDB4425D2870B0046B6D5 /* LoginViewController.swift */,
				6F4FDB4C25D291620046B6D5 /* MessageViewController.swift */,
			);
			path = Controllers;
			sourceTree = "<group>";
		};
		6FF8E54625CD84E900C38B50 = {
			isa = PBXGroup;
			children = (
				6FF8E55125CD84EA00C38B50 /* MessageApp */,
				6FF8E56825CD84EE00C38B50 /* MessageAppTests */,
				6FF8E57325CD84EE00C38B50 /* MessageAppUITests */,
				6FF8E55025CD84EA00C38B50 /* Products */,
				682C011EDE34A9EE1E880483 /* Pods */,
				F7C6C2FBA9B6C91224775A7E /* Frameworks */,
			);
			sourceTree = "<group>";
		};
		6FF8E55025CD84EA00C38B50 /* Products */ = {
			isa = PBXGroup;
			children = (
				6FF8E54F25CD84EA00C38B50 /* MessageApp.app */,
				6FF8E56525CD84EE00C38B50 /* MessageAppTests.xctest */,
				6FF8E57025CD84EE00C38B50 /* MessageAppUITests.xctest */,
			);
			name = Products;
			sourceTree = "<group>";
		};
		6FF8E55125CD84EA00C38B50 /* MessageApp */ = {
			isa = PBXGroup;
			children = (
				6FF8E55225CD84EA00C38B50 /* AppDelegate.swift */,
				6FF8E55425CD84EA00C38B50 /* SceneDelegate.swift */,
				6F4FDB3C25D286520046B6D5 /* Models */,
				6F4FDB3D25D2865C0046B6D5 /* Views */,
				6F4FDB3E25D286660046B6D5 /* Controllers */,
				6FF8E55B25CD84ED00C38B50 /* Assets.xcassets */,
				6FF8E55D25CD84ED00C38B50 /* LaunchScreen.storyboard */,
				6FF8E56025CD84ED00C38B50 /* Info.plist */,
				6FF8E58F25CDB59900C38B50 /* GoogleService-Info.plist */,
			);
			path = MessageApp;
			sourceTree = "<group>";
		};
		6FF8E56825CD84EE00C38B50 /* MessageAppTests */ = {
			isa = PBXGroup;
			children = (
				6FF8E56925CD84EE00C38B50 /* MessageAppTests.swift */,
				6FF8E56B25CD84EE00C38B50 /* Info.plist */,
			);
			path = MessageAppTests;
			sourceTree = "<group>";
		};
		6FF8E57325CD84EE00C38B50 /* MessageAppUITests */ = {
			isa = PBXGroup;
			children = (
				6FF8E57425CD84EE00C38B50 /* MessageAppUITests.swift */,
				6FF8E57625CD84EE00C38B50 /* Info.plist */,
			);
			path = MessageAppUITests;
			sourceTree = "<group>";
		};
		F7C6C2FBA9B6C91224775A7E /* Frameworks */ = {
			isa = PBXGroup;
			children = (
				13C0E11099393861BD9D860C /* Pods_MessageApp.framework */,
			);
			name = Frameworks;
			sourceTree = "<group>";
		};
/* End PBXGroup section */

/* Begin PBXNativeTarget section */
		6FF8E54E25CD84E900C38B50 /* MessageApp */ = {
			isa = PBXNativeTarget;
			buildConfigurationList = 6FF8E57925CD84EE00C38B50 /* Build configuration list for PBXNativeTarget "MessageApp" */;
			buildPhases = (
				60D9DBE5736154436CC95266 /* [CP] Check Pods Manifest.lock */,
				6FF8E54B25CD84E900C38B50 /* Sources */,
				6FF8E54C25CD84E900C38B50 /* Frameworks */,
				6FF8E54D25CD84E900C38B50 /* Resources */,
				365AA90B7CED6BB408C5D14C /* [CP] Embed Pods Frameworks */,
			);
			buildRules = (
			);
			dependencies = (
			);
			name = MessageApp;
			productName = MessageApp;
			productReference = 6FF8E54F25CD84EA00C38B50 /* MessageApp.app */;
			productType = "com.apple.product-type.application";
		};
		6FF8E56425CD84EE00C38B50 /* MessageAppTests */ = {
			isa = PBXNativeTarget;
			buildConfigurationList = 6FF8E57C25CD84EE00C38B50 /* Build configuration list for PBXNativeTarget "MessageAppTests" */;
			buildPhases = (
				6FF8E56125CD84EE00C38B50 /* Sources */,
				6FF8E56225CD84EE00C38B50 /* Frameworks */,
				6FF8E56325CD84EE00C38B50 /* Resources */,
			);
			buildRules = (
			);
			dependencies = (
				6FF8E56725CD84EE00C38B50 /* PBXTargetDependency */,
			);
			name = MessageAppTests;
			productName = MessageAppTests;
			productReference = 6FF8E56525CD84EE00C38B50 /* MessageAppTests.xctest */;
			productType = "com.apple.product-type.bundle.unit-test";
		};
		6FF8E56F25CD84EE00C38B50 /* MessageAppUITests */ = {
			isa = PBXNativeTarget;
			buildConfigurationList = 6FF8E57F25CD84EE00C38B50 /* Build configuration list for PBXNativeTarget "MessageAppUITests" */;
			buildPhases = (
				6FF8E56C25CD84EE00C38B50 /* Sources */,
				6FF8E56D25CD84EE00C38B50 /* Frameworks */,
				6FF8E56E25CD84EE00C38B50 /* Resources */,
			);
			buildRules = (
			);
			dependencies = (
				6FF8E57225CD84EE00C38B50 /* PBXTargetDependency */,
			);
			name = MessageAppUITests;
			productName = MessageAppUITests;
			productReference = 6FF8E57025CD84EE00C38B50 /* MessageAppUITests.xctest */;
			productType = "com.apple.product-type.bundle.ui-testing";
		};
/* End PBXNativeTarget section */

/* Begin PBXProject section */
		6FF8E54725CD84E900C38B50 /* Project object */ = {
			isa = PBXProject;
			attributes = {
				LastSwiftUpdateCheck = 1230;
				LastUpgradeCheck = 1230;
				TargetAttributes = {
					6FF8E54E25CD84E900C38B50 = {
						CreatedOnToolsVersion = 12.3;
					};
					6FF8E56425CD84EE00C38B50 = {
						CreatedOnToolsVersion = 12.3;
						TestTargetID = 6FF8E54E25CD84E900C38B50;
					};
					6FF8E56F25CD84EE00C38B50 = {
						CreatedOnToolsVersion = 12.3;
						TestTargetID = 6FF8E54E25CD84E900C38B50;
					};
				};
			};
			buildConfigurationList = 6FF8E54A25CD84E900C38B50 /* Build configuration list for PBXProject "MessageApp" */;
			compatibilityVersion = "Xcode 9.3";
			developmentRegion = en;
			hasScannedForEncodings = 0;
			knownRegions = (
				en,
				Base,
			);
			mainGroup = 6FF8E54625CD84E900C38B50;
			productRefGroup = 6FF8E55025CD84EA00C38B50 /* Products */;
			projectDirPath = "";
			projectRoot = "";
			targets = (
				6FF8E54E25CD84E900C38B50 /* MessageApp */,
				6FF8E56425CD84EE00C38B50 /* MessageAppTests */,
				6FF8E56F25CD84EE00C38B50 /* MessageAppUITests */,
			);
		};
/* End PBXProject section */

/* Begin PBXResourcesBuildPhase section */
		6FF8E54D25CD84E900C38B50 /* Resources */ = {
			isa = PBXResourcesBuildPhase;
			buildActionMask = 2147483647;
			files = (
				6FF8E55F25CD84ED00C38B50 /* LaunchScreen.storyboard in Resources */,
				6FE1C1E525D54F52006D8041 /* MessageCellTableViewCell.xib in Resources */,
				6FF8E59025CDB59900C38B50 /* GoogleService-Info.plist in Resources */,
				6FF8E55C25CD84ED00C38B50 /* Assets.xcassets in Resources */,
				6FF8E55A25CD84EA00C38B50 /* Main.storyboard in Resources */,
			);
			runOnlyForDeploymentPostprocessing = 0;
		};
		6FF8E56325CD84EE00C38B50 /* Resources */ = {
			isa = PBXResourcesBuildPhase;
			buildActionMask = 2147483647;
			files = (
			);
			runOnlyForDeploymentPostprocessing = 0;
		};
		6FF8E56E25CD84EE00C38B50 /* Resources */ = {
			isa = PBXResourcesBuildPhase;
			buildActionMask = 2147483647;
			files = (
			);
			runOnlyForDeploymentPostprocessing = 0;
		};
/* End PBXResourcesBuildPhase section */

/* Begin PBXShellScriptBuildPhase section */
		365AA90B7CED6BB408C5D14C /* [CP] Embed Pods Frameworks */ = {
			isa = PBXShellScriptBuildPhase;
			buildActionMask = 2147483647;
			files = (
			);
			inputFileListPaths = (
				"${PODS_ROOT}/Target Support Files/Pods-MessageApp/Pods-MessageApp-frameworks-${CONFIGURATION}-input-files.xcfilelist",
			);
			name = "[CP] Embed Pods Frameworks";
			outputFileListPaths = (
				"${PODS_ROOT}/Target Support Files/Pods-MessageApp/Pods-MessageApp-frameworks-${CONFIGURATION}-output-files.xcfilelist",
			);
			runOnlyForDeploymentPostprocessing = 0;
			shellPath = /bin/sh;
			shellScript = "\"${PODS_ROOT}/Target Support Files/Pods-MessageApp/Pods-MessageApp-frameworks.sh\"\n";
			showEnvVarsInLog = 0;
		};
		60D9DBE5736154436CC95266 /* [CP] Check Pods Manifest.lock */ = {
			isa = PBXShellScriptBuildPhase;
			buildActionMask = 2147483647;
			files = (
			);
			inputFileListPaths = (
			);
			inputPaths = (
				"${PODS_PODFILE_DIR_PATH}/Podfile.lock",
				"${PODS_ROOT}/Manifest.lock",
			);
			name = "[CP] Check Pods Manifest.lock";
			outputFileListPaths = (
			);
			outputPaths = (
				"$(DERIVED_FILE_DIR)/Pods-MessageApp-checkManifestLockResult.txt",
			);
			runOnlyForDeploymentPostprocessing = 0;
			shellPath = /bin/sh;
			shellScript = "diff \"${PODS_PODFILE_DIR_PATH}/Podfile.lock\" \"${PODS_ROOT}/Manifest.lock\" > /dev/null\nif [ $? != 0 ] ; then\n    # print error to STDERR\n    echo \"error: The sandbox is not in sync with the Podfile.lock. Run 'pod install' or update your CocoaPods installation.\" >&2\n    exit 1\nfi\n# This output is used by Xcode 'outputs' to avoid re-running this script phase.\necho \"SUCCESS\" > \"${SCRIPT_OUTPUT_FILE_0}\"\n";
			showEnvVarsInLog = 0;
		};
/* End PBXShellScriptBuildPhase section */

/* Begin PBXSourcesBuildPhase section */
		6FF8E54B25CD84E900C38B50 /* Sources */ = {
			isa = PBXSourcesBuildPhase;
			buildActionMask = 2147483647;
			files = (
				6FF8E55725CD84EA00C38B50 /* OpenScreenViewController.swift in Sources */,
				6FE1C1E425D54F52006D8041 /* MessageCellTableViewCell.swift in Sources */,
				6FF8E55325CD84EA00C38B50 /* AppDelegate.swift in Sources */,
				6FE1C1DE25D53D28006D8041 /* MessageModel.swift in Sources */,
				6FF8E55525CD84EA00C38B50 /* SceneDelegate.swift in Sources */,
				6F4FDB4525D2870B0046B6D5 /* LoginViewController.swift in Sources */,
				6F4FDB4D25D291620046B6D5 /* MessageViewController.swift in Sources */,
				6F4FDB4025D286EE0046B6D5 /* RegisterViewController.swift in Sources */,
			);
			runOnlyForDeploymentPostprocessing = 0;
		};
		6FF8E56125CD84EE00C38B50 /* Sources */ = {
			isa = PBXSourcesBuildPhase;
			buildActionMask = 2147483647;
			files = (
				6FF8E56A25CD84EE00C38B50 /* MessageAppTests.swift in Sources */,
			);
			runOnlyForDeploymentPostprocessing = 0;
		};
		6FF8E56C25CD84EE00C38B50 /* Sources */ = {
			isa = PBXSourcesBuildPhase;
			buildActionMask = 2147483647;
			files = (
				6FF8E57525CD84EE00C38B50 /* MessageAppUITests.swift in Sources */,
			);
			runOnlyForDeploymentPostprocessing = 0;
		};
/* End PBXSourcesBuildPhase section */

/* Begin PBXTargetDependency section */
		6FF8E56725CD84EE00C38B50 /* PBXTargetDependency */ = {
			isa = PBXTargetDependency;
			target = 6FF8E54E25CD84E900C38B50 /* MessageApp */;
			targetProxy = 6FF8E56625CD84EE00C38B50 /* PBXContainerItemProxy */;
		};
		6FF8E57225CD84EE00C38B50 /* PBXTargetDependency */ = {
			isa = PBXTargetDependency;
			target = 6FF8E54E25CD84E900C38B50 /* MessageApp */;
			targetProxy = 6FF8E57125CD84EE00C38B50 /* PBXContainerItemProxy */;
		};
/* End PBXTargetDependency section */

/* Begin PBXVariantGroup section */
		6FF8E55825CD84EA00C38B50 /* Main.storyboard */ = {
			isa = PBXVariantGroup;
			children = (
				6FF8E55925CD84EA00C38B50 /* Base */,
			);
			name = Main.storyboard;
			sourceTree = "<group>";
		};
		6FF8E55D25CD84ED00C38B50 /* LaunchScreen.storyboard */ = {
			isa = PBXVariantGroup;
			children = (
				6FF8E55E25CD84ED00C38B50 /* Base */,
			);
			name = LaunchScreen.storyboard;
			sourceTree = "<group>";
		};
/* End PBXVariantGroup section */

/* Begin XCBuildConfiguration section */
		6FF8E57725CD84EE00C38B50 /* Debug */ = {
			isa = XCBuildConfiguration;
			buildSettings = {
				ALWAYS_SEARCH_USER_PATHS = NO;
				CLANG_ANALYZER_NONNULL = YES;
				CLANG_ANALYZER_NUMBER_OBJECT_CONVERSION = YES_AGGRESSIVE;
				CLANG_CXX_LANGUAGE_STANDARD = "gnu++14";
				CLANG_CXX_LIBRARY = "libc++";
				CLANG_ENABLE_MODULES = YES;
				CLANG_ENABLE_OBJC_ARC = YES;
				CLANG_ENABLE_OBJC_WEAK = YES;
				CLANG_WARN_BLOCK_CAPTURE_AUTORELEASING = YES;
				CLANG_WARN_BOOL_CONVERSION = YES;
				CLANG_WARN_COMMA = YES;
				CLANG_WARN_CONSTANT_CONVERSION = YES;
				CLANG_WARN_DEPRECATED_OBJC_IMPLEMENTATIONS = YES;
				CLANG_WARN_DIRECT_OBJC_ISA_USAGE = YES_ERROR;
				CLANG_WARN_DOCUMENTATION_COMMENTS = YES;
				CLANG_WARN_EMPTY_BODY = YES;
				CLANG_WARN_ENUM_CONVERSION = YES;
				CLANG_WARN_INFINITE_RECURSION = YES;
				CLANG_WARN_INT_CONVERSION = YES;
				CLANG_WARN_NON_LITERAL_NULL_CONVERSION = YES;
				CLANG_WARN_OBJC_IMPLICIT_RETAIN_SELF = YES;
				CLANG_WARN_OBJC_LITERAL_CONVERSION = YES;
				CLANG_WARN_OBJC_ROOT_CLASS = YES_ERROR;
				CLANG_WARN_QUOTED_INCLUDE_IN_FRAMEWORK_HEADER = YES;
				CLANG_WARN_RANGE_LOOP_ANALYSIS = YES;
				CLANG_WARN_STRICT_PROTOTYPES = YES;
				CLANG_WARN_SUSPICIOUS_MOVE = YES;
				CLANG_WARN_UNGUARDED_AVAILABILITY = YES_AGGRESSIVE;
				CLANG_WARN_UNREACHABLE_CODE = YES;
				CLANG_WARN__DUPLICATE_METHOD_MATCH = YES;
				COPY_PHASE_STRIP = NO;
				DEBUG_INFORMATION_FORMAT = dwarf;
				ENABLE_STRICT_OBJC_MSGSEND = YES;
				ENABLE_TESTABILITY = YES;
				GCC_C_LANGUAGE_STANDARD = gnu11;
				GCC_DYNAMIC_NO_PIC = NO;
				GCC_NO_COMMON_BLOCKS = YES;
				GCC_OPTIMIZATION_LEVEL = 0;
				GCC_PREPROCESSOR_DEFINITIONS = (
					"DEBUG=1",
					"$(inherited)",
				);
				GCC_WARN_64_TO_32_BIT_CONVERSION = YES;
				GCC_WARN_ABOUT_RETURN_TYPE = YES_ERROR;
				GCC_WARN_UNDECLARED_SELECTOR = YES;
				GCC_WARN_UNINITIALIZED_AUTOS = YES_AGGRESSIVE;
				GCC_WARN_UNUSED_FUNCTION = YES;
				GCC_WARN_UNUSED_VARIABLE = YES;
				IPHONEOS_DEPLOYMENT_TARGET = 14.3;
				MTL_ENABLE_DEBUG_INFO = INCLUDE_SOURCE;
				MTL_FAST_MATH = YES;
				ONLY_ACTIVE_ARCH = YES;
				SDKROOT = iphoneos;
				SWIFT_ACTIVE_COMPILATION_CONDITIONS = DEBUG;
				SWIFT_OPTIMIZATION_LEVEL = "-Onone";
			};
			name = Debug;
		};
		6FF8E57825CD84EE00C38B50 /* Release */ = {
			isa = XCBuildConfiguration;
			buildSettings = {
				ALWAYS_SEARCH_USER_PATHS = NO;
				CLANG_ANALYZER_NONNULL = YES;
				CLANG_ANALYZER_NUMBER_OBJECT_CONVERSION = YES_AGGRESSIVE;
				CLANG_CXX_LANGUAGE_STANDARD = "gnu++14";
				CLANG_CXX_LIBRARY = "libc++";
				CLANG_ENABLE_MODULES = YES;
				CLANG_ENABLE_OBJC_ARC = YES;
				CLANG_ENABLE_OBJC_WEAK = YES;
				CLANG_WARN_BLOCK_CAPTURE_AUTORELEASING = YES;
				CLANG_WARN_BOOL_CONVERSION = YES;
				CLANG_WARN_COMMA = YES;
				CLANG_WARN_CONSTANT_CONVERSION = YES;
				CLANG_WARN_DEPRECATED_OBJC_IMPLEMENTATIONS = YES;
				CLANG_WARN_DIRECT_OBJC_ISA_USAGE = YES_ERROR;
				CLANG_WARN_DOCUMENTATION_COMMENTS = YES;
				CLANG_WARN_EMPTY_BODY = YES;
				CLANG_WARN_ENUM_CONVERSION = YES;
				CLANG_WARN_INFINITE_RECURSION = YES;
				CLANG_WARN_INT_CONVERSION = YES;
				CLANG_WARN_NON_LITERAL_NULL_CONVERSION = YES;
				CLANG_WARN_OBJC_IMPLICIT_RETAIN_SELF = YES;
				CLANG_WARN_OBJC_LITERAL_CONVERSION = YES;
				CLANG_WARN_OBJC_ROOT_CLASS = YES_ERROR;
				CLANG_WARN_QUOTED_INCLUDE_IN_FRAMEWORK_HEADER = YES;
				CLANG_WARN_RANGE_LOOP_ANALYSIS = YES;
				CLANG_WARN_STRICT_PROTOTYPES = YES;
				CLANG_WARN_SUSPICIOUS_MOVE = YES;
				CLANG_WARN_UNGUARDED_AVAILABILITY = YES_AGGRESSIVE;
				CLANG_WARN_UNREACHABLE_CODE = YES;
				CLANG_WARN__DUPLICATE_METHOD_MATCH = YES;
				COPY_PHASE_STRIP = NO;
				DEBUG_INFORMATION_FORMAT = "dwarf-with-dsym";
				ENABLE_NS_ASSERTIONS = NO;
				ENABLE_STRICT_OBJC_MSGSEND = YES;
				GCC_C_LANGUAGE_STANDARD = gnu11;
				GCC_NO_COMMON_BLOCKS = YES;
				GCC_WARN_64_TO_32_BIT_CONVERSION = YES;
				GCC_WARN_ABOUT_RETURN_TYPE = YES_ERROR;
				GCC_WARN_UNDECLARED_SELECTOR = YES;
				GCC_WARN_UNINITIALIZED_AUTOS = YES_AGGRESSIVE;
				GCC_WARN_UNUSED_FUNCTION = YES;
				GCC_WARN_UNUSED_VARIABLE = YES;
				IPHONEOS_DEPLOYMENT_TARGET = 14.3;
				MTL_ENABLE_DEBUG_INFO = NO;
				MTL_FAST_MATH = YES;
				SDKROOT = iphoneos;
				SWIFT_COMPILATION_MODE = wholemodule;
				SWIFT_OPTIMIZATION_LEVEL = "-O";
				VALIDATE_PRODUCT = YES;
			};
			name = Release;
		};
		6FF8E57A25CD84EE00C38B50 /* Debug */ = {
			isa = XCBuildConfiguration;
			baseConfigurationReference = BC5102A79BEEFD2EDB464201 /* Pods-MessageApp.debug.xcconfig */;
			buildSettings = {
				ASSETCATALOG_COMPILER_APPICON_NAME = AppIcon;
				ASSETCATALOG_COMPILER_GLOBAL_ACCENT_COLOR_NAME = AccentColor;
				CODE_SIGN_STYLE = Automatic;
				DEVELOPMENT_TEAM = KRGUYDC2MW;
				INFOPLIST_FILE = MessageApp/Info.plist;
				LD_RUNPATH_SEARCH_PATHS = (
					"$(inherited)",
					"@executable_path/Frameworks",
				);
				PRODUCT_BUNDLE_IDENTIFIER = sedzimir.dbhds.MessageApp;
				PRODUCT_NAME = "$(TARGET_NAME)";
				SWIFT_VERSION = 5.0;
				TARGETED_DEVICE_FAMILY = "1,2";
			};
			name = Debug;
		};
		6FF8E57B25CD84EE00C38B50 /* Release */ = {
			isa = XCBuildConfiguration;
			baseConfigurationReference = 852B96998869DF962C2EA8A9 /* Pods-MessageApp.release.xcconfig */;
			buildSettings = {
				ASSETCATALOG_COMPILER_APPICON_NAME = AppIcon;
				ASSETCATALOG_COMPILER_GLOBAL_ACCENT_COLOR_NAME = AccentColor;
				CODE_SIGN_STYLE = Automatic;
				DEVELOPMENT_TEAM = KRGUYDC2MW;
				INFOPLIST_FILE = MessageApp/Info.plist;
				LD_RUNPATH_SEARCH_PATHS = (
					"$(inherited)",
					"@executable_path/Frameworks",
				);
				PRODUCT_BUNDLE_IDENTIFIER = sedzimir.dbhds.MessageApp;
				PRODUCT_NAME = "$(TARGET_NAME)";
				SWIFT_VERSION = 5.0;
				TARGETED_DEVICE_FAMILY = "1,2";
			};
			name = Release;
		};
		6FF8E57D25CD84EE00C38B50 /* Debug */ = {
			isa = XCBuildConfiguration;
			buildSettings = {
				ALWAYS_EMBED_SWIFT_STANDARD_LIBRARIES = YES;
				BUNDLE_LOADER = "$(TEST_HOST)";
				CODE_SIGN_STYLE = Automatic;
				DEVELOPMENT_TEAM = KRGUYDC2MW;
				INFOPLIST_FILE = MessageAppTests/Info.plist;
				IPHONEOS_DEPLOYMENT_TARGET = 14.3;
				LD_RUNPATH_SEARCH_PATHS = (
					"$(inherited)",
					"@executable_path/Frameworks",
					"@loader_path/Frameworks",
				);
				PRODUCT_BUNDLE_IDENTIFIER = sedzimir.dbhds.MessageAppTests;
				PRODUCT_NAME = "$(TARGET_NAME)";
				SWIFT_VERSION = 5.0;
				TARGETED_DEVICE_FAMILY = "1,2";
				TEST_HOST = "$(BUILT_PRODUCTS_DIR)/MessageApp.app/MessageApp";
			};
			name = Debug;
		};
		6FF8E57E25CD84EE00C38B50 /* Release */ = {
			isa = XCBuildConfiguration;
			buildSettings = {
				ALWAYS_EMBED_SWIFT_STANDARD_LIBRARIES = YES;
				BUNDLE_LOADER = "$(TEST_HOST)";
				CODE_SIGN_STYLE = Automatic;
				DEVELOPMENT_TEAM = KRGUYDC2MW;
				INFOPLIST_FILE = MessageAppTests/Info.plist;
				IPHONEOS_DEPLOYMENT_TARGET = 14.3;
				LD_RUNPATH_SEARCH_PATHS = (
					"$(inherited)",
					"@executable_path/Frameworks",
					"@loader_path/Frameworks",
				);
				PRODUCT_BUNDLE_IDENTIFIER = sedzimir.dbhds.MessageAppTests;
				PRODUCT_NAME = "$(TARGET_NAME)";
				SWIFT_VERSION = 5.0;
				TARGETED_DEVICE_FAMILY = "1,2";
				TEST_HOST = "$(BUILT_PRODUCTS_DIR)/MessageApp.app/MessageApp";
			};
			name = Release;
		};
		6FF8E58025CD84EE00C38B50 /* Debug */ = {
			isa = XCBuildConfiguration;
			buildSettings = {
				ALWAYS_EMBED_SWIFT_STANDARD_LIBRARIES = YES;
				CODE_SIGN_STYLE = Automatic;
				DEVELOPMENT_TEAM = KRGUYDC2MW;
				INFOPLIST_FILE = MessageAppUITests/Info.plist;
				LD_RUNPATH_SEARCH_PATHS = (
					"$(inherited)",
					"@executable_path/Frameworks",
					"@loader_path/Frameworks",
				);
				PRODUCT_BUNDLE_IDENTIFIER = sedzimir.dbhds.MessageAppUITests;
				PRODUCT_NAME = "$(TARGET_NAME)";
				SWIFT_VERSION = 5.0;
				TARGETED_DEVICE_FAMILY = "1,2";
				TEST_TARGET_NAME = MessageApp;
			};
			name = Debug;
		};
		6FF8E58125CD84EE00C38B50 /* Release */ = {
			isa = XCBuildConfiguration;
			buildSettings = {
				ALWAYS_EMBED_SWIFT_STANDARD_LIBRARIES = YES;
				CODE_SIGN_STYLE = Automatic;
				DEVELOPMENT_TEAM = KRGUYDC2MW;
				INFOPLIST_FILE = MessageAppUITests/Info.plist;
				LD_RUNPATH_SEARCH_PATHS = (
					"$(inherited)",
					"@executable_path/Frameworks",
					"@loader_path/Frameworks",
				);
				PRODUCT_BUNDLE_IDENTIFIER = sedzimir.dbhds.MessageAppUITests;
				PRODUCT_NAME = "$(TARGET_NAME)";
				SWIFT_VERSION = 5.0;
				TARGETED_DEVICE_FAMILY = "1,2";
				TEST_TARGET_NAME = MessageApp;
			};
			name = Release;
		};
/* End XCBuildConfiguration section */

/* Begin XCConfigurationList section */
		6FF8E54A25CD84E900C38B50 /* Build configuration list for PBXProject "MessageApp" */ = {
			isa = XCConfigurationList;
			buildConfigurations = (
				6FF8E57725CD84EE00C38B50 /* Debug */,
				6FF8E57825CD84EE00C38B50 /* Release */,
			);
			defaultConfigurationIsVisible = 0;
			defaultConfigurationName = Release;
		};
		6FF8E57925CD84EE00C38B50 /* Build configuration list for PBXNativeTarget "MessageApp" */ = {
			isa = XCConfigurationList;
			buildConfigurations = (
				6FF8E57A25CD84EE00C38B50 /* Debug */,
				6FF8E57B25CD84EE00C38B50 /* Release */,
			);
			defaultConfigurationIsVisible = 0;
			defaultConfigurationName = Release;
		};
		6FF8E57C25CD84EE00C38B50 /* Build configuration list for PBXNativeTarget "MessageAppTests" */ = {
			isa = XCConfigurationList;
			buildConfigurations = (
				6FF8E57D25CD84EE00C38B50 /* Debug */,
				6FF8E57E25CD84EE00C38B50 /* Release */,
			);
			defaultConfigurationIsVisible = 0;
			defaultConfigurationName = Release;
		};
		6FF8E57F25CD84EE00C38B50 /* Build configuration list for PBXNativeTarget "MessageAppUITests" */ = {
			isa = XCConfigurationList;
			buildConfigurations = (
				6FF8E58025CD84EE00C38B50 /* Debug */,
				6FF8E58125CD84EE00C38B50 /* Release */,
			);
			defaultConfigurationIsVisible = 0;
			defaultConfigurationName = Release;
		};
/* End XCConfigurationList section */
	};
	rootObject = 6FF8E54725CD84E900C38B50 /* Project object */;
}
